// !$*UTF8*$!
{
	archiveVersion = 1;
	classes = {
	};
	objectVersion = 50;
	objects = {

/* Begin PBXBuildFile section */
		A10C6EB524A1C11700347DE3 /* AppDelegate.swift in Sources */ = {isa = PBXBuildFile; fileRef = A10C6EB424A1C11700347DE3 /* AppDelegate.swift */; };
		A10C6EB724A1C11700347DE3 /* SceneDelegate.swift in Sources */ = {isa = PBXBuildFile; fileRef = A10C6EB624A1C11700347DE3 /* SceneDelegate.swift */; };
		A10C6EB924A1C11700347DE3 /* ViewController.swift in Sources */ = {isa = PBXBuildFile; fileRef = A10C6EB824A1C11700347DE3 /* ViewController.swift */; };
		A10C6EBC24A1C11700347DE3 /* Main.storyboard in Resources */ = {isa = PBXBuildFile; fileRef = A10C6EBA24A1C11700347DE3 /* Main.storyboard */; };
		A10C6EBE24A1C11800347DE3 /* Assets.xcassets in Resources */ = {isa = PBXBuildFile; fileRef = A10C6EBD24A1C11800347DE3 /* Assets.xcassets */; };
		A10C6EC124A1C11800347DE3 /* LaunchScreen.storyboard in Resources */ = {isa = PBXBuildFile; fileRef = A10C6EBF24A1C11800347DE3 /* LaunchScreen.storyboard */; };
		A10C6ECC24A1C11800347DE3 /* testTests.swift in Sources */ = {isa = PBXBuildFile; fileRef = A10C6ECB24A1C11800347DE3 /* testTests.swift */; };
		A10C6ED724A1C11800347DE3 /* testUITests.swift in Sources */ = {isa = PBXBuildFile; fileRef = A10C6ED624A1C11800347DE3 /* testUITests.swift */; };
		A10C6EE624A2479700347DE3 /* Country.swift in Sources */ = {isa = PBXBuildFile; fileRef = A10C6EE524A2479700347DE3 /* Country.swift */; };
		A10C6EE724A2479700347DE3 /* Country.swift in Sources */ = {isa = PBXBuildFile; fileRef = A10C6EE524A2479700347DE3 /* Country.swift */; };
		A10C6EE824A2479700347DE3 /* Country.swift in Sources */ = {isa = PBXBuildFile; fileRef = A10C6EE524A2479700347DE3 /* Country.swift */; };
		A10C6EEA24A2507D00347DE3 /* RegionalBloc.swift in Sources */ = {isa = PBXBuildFile; fileRef = A10C6EE924A2507D00347DE3 /* RegionalBloc.swift */; };
		A10C6EEB24A2507D00347DE3 /* RegionalBloc.swift in Sources */ = {isa = PBXBuildFile; fileRef = A10C6EE924A2507D00347DE3 /* RegionalBloc.swift */; };
		A10C6EEC24A2507D00347DE3 /* RegionalBloc.swift in Sources */ = {isa = PBXBuildFile; fileRef = A10C6EE924A2507D00347DE3 /* RegionalBloc.swift */; };
		A10C6EEE24A2508B00347DE3 /* Language.swift in Sources */ = {isa = PBXBuildFile; fileRef = A10C6EED24A2508B00347DE3 /* Language.swift */; };
		A10C6EEF24A2508B00347DE3 /* Language.swift in Sources */ = {isa = PBXBuildFile; fileRef = A10C6EED24A2508B00347DE3 /* Language.swift */; };
		A10C6EF024A2508B00347DE3 /* Language.swift in Sources */ = {isa = PBXBuildFile; fileRef = A10C6EED24A2508B00347DE3 /* Language.swift */; };
		A10C6EF224A2509500347DE3 /* Currency.swift in Sources */ = {isa = PBXBuildFile; fileRef = A10C6EF124A2509500347DE3 /* Currency.swift */; };
		A10C6EF324A2509500347DE3 /* Currency.swift in Sources */ = {isa = PBXBuildFile; fileRef = A10C6EF124A2509500347DE3 /* Currency.swift */; };
		A10C6EF424A2509500347DE3 /* Currency.swift in Sources */ = {isa = PBXBuildFile; fileRef = A10C6EF124A2509500347DE3 /* Currency.swift */; };
		A10C6EF724A2BEAC00347DE3 /* CountryTableViewCell.swift in Sources */ = {isa = PBXBuildFile; fileRef = A10C6EF624A2BEAC00347DE3 /* CountryTableViewCell.swift */; };
		A10C6EF824A2BEAC00347DE3 /* CountryTableViewCell.swift in Sources */ = {isa = PBXBuildFile; fileRef = A10C6EF624A2BEAC00347DE3 /* CountryTableViewCell.swift */; };
		A10C6EF924A2BEAC00347DE3 /* CountryTableViewCell.swift in Sources */ = {isa = PBXBuildFile; fileRef = A10C6EF624A2BEAC00347DE3 /* CountryTableViewCell.swift */; };
		A10C6F8124A31E0D00347DE3 /* CocoaLumberjack.framework in Frameworks */ = {isa = PBXBuildFile; fileRef = A10C6F7E24A31D6700347DE3 /* CocoaLumberjack.framework */; };
		A10C6F8224A31E0D00347DE3 /* CocoaLumberjack.framework in Embed Frameworks */ = {isa = PBXBuildFile; fileRef = A10C6F7E24A31D6700347DE3 /* CocoaLumberjack.framework */; settings = {ATTRIBUTES = (CodeSignOnCopy, RemoveHeadersOnCopy, ); }; };
		A10C6F8424A31E0E00347DE3 /* SVGKit.framework in Frameworks */ = {isa = PBXBuildFile; fileRef = A10C6F7224A31B4D00347DE3 /* SVGKit.framework */; };
		A10C6F8524A31E0E00347DE3 /* SVGKit.framework in Embed Frameworks */ = {isa = PBXBuildFile; fileRef = A10C6F7224A31B4D00347DE3 /* SVGKit.framework */; settings = {ATTRIBUTES = (CodeSignOnCopy, RemoveHeadersOnCopy, ); }; };
		A10C6F8824A3950500347DE3 /* CountryDetailViewController.swift in Sources */ = {isa = PBXBuildFile; fileRef = A10C6F8724A3950500347DE3 /* CountryDetailViewController.swift */; };
		A10C6FA324A4052A00347DE3 /* validJSON.json in Resources */ = {isa = PBXBuildFile; fileRef = A10C6FA024A3FFCF00347DE3 /* validJSON.json */; };
		A10C6FA424A4054500347DE3 /* validJSON.json in Resources */ = {isa = PBXBuildFile; fileRef = A10C6FA024A3FFCF00347DE3 /* validJSON.json */; };
		A10C6FA624A4069100347DE3 /* invalidJSON.json in Resources */ = {isa = PBXBuildFile; fileRef = A10C6FA524A4069100347DE3 /* invalidJSON.json */; };
		A10C6FA724A406D100347DE3 /* invalidJSON.json in Resources */ = {isa = PBXBuildFile; fileRef = A10C6FA524A4069100347DE3 /* invalidJSON.json */; };
		A10C6FAD24A40EC700347DE3 /* StringUtility.swift in Sources */ = {isa = PBXBuildFile; fileRef = A10C6FAC24A40EC700347DE3 /* StringUtility.swift */; };
		A10C6FAE24A40EC700347DE3 /* StringUtility.swift in Sources */ = {isa = PBXBuildFile; fileRef = A10C6FAC24A40EC700347DE3 /* StringUtility.swift */; };
		A10C6FB024A417B600347DE3 /* validJSONMissingKeys.json in Resources */ = {isa = PBXBuildFile; fileRef = A10C6FAF24A417B600347DE3 /* validJSONMissingKeys.json */; };
		A10C6FB124A417B600347DE3 /* validJSONMissingKeys.json in Resources */ = {isa = PBXBuildFile; fileRef = A10C6FAF24A417B600347DE3 /* validJSONMissingKeys.json */; };
/* End PBXBuildFile section */

/* Begin PBXContainerItemProxy section */
		A10C6EC824A1C11800347DE3 /* PBXContainerItemProxy */ = {
			isa = PBXContainerItemProxy;
			containerPortal = A10C6EA924A1C11700347DE3 /* Project object */;
			proxyType = 1;
			remoteGlobalIDString = A10C6EB024A1C11700347DE3;
			remoteInfo = test;
		};
		A10C6ED324A1C11800347DE3 /* PBXContainerItemProxy */ = {
			isa = PBXContainerItemProxy;
			containerPortal = A10C6EA924A1C11700347DE3 /* Project object */;
			proxyType = 1;
			remoteGlobalIDString = A10C6EB024A1C11700347DE3;
			remoteInfo = test;
		};
		A10C6F6D24A31B4D00347DE3 /* PBXContainerItemProxy */ = {
			isa = PBXContainerItemProxy;
			containerPortal = A10C6F6224A31B4D00347DE3 /* SVGKit-iOS.xcodeproj */;
			proxyType = 2;
			remoteGlobalIDString = 6639618E16145D0400E58CCA;
			remoteInfo = "SVGKit-iOS";
		};
		A10C6F6F24A31B4D00347DE3 /* PBXContainerItemProxy */ = {
			isa = PBXContainerItemProxy;
			containerPortal = A10C6F6224A31B4D00347DE3 /* SVGKit-iOS.xcodeproj */;
			proxyType = 2;
			remoteGlobalIDString = 55452BF119EC68A200B75A30;
			remoteInfo = "SVGKit-iOS Tests";
		};
		A10C6F7124A31B4D00347DE3 /* PBXContainerItemProxy */ = {
			isa = PBXContainerItemProxy;
			containerPortal = A10C6F6224A31B4D00347DE3 /* SVGKit-iOS.xcodeproj */;
			proxyType = 2;
			remoteGlobalIDString = 825CDAAF1BDA4BC0003C1C12;
			remoteInfo = "SVGKitFramework-iOS";
		};
		A10C6F7324A31B4D00347DE3 /* PBXContainerItemProxy */ = {
			isa = PBXContainerItemProxy;
			containerPortal = A10C6F6224A31B4D00347DE3 /* SVGKit-iOS.xcodeproj */;
			proxyType = 2;
			remoteGlobalIDString = 825CDAB81BDA4BC0003C1C12;
			remoteInfo = "SVGKitFramework-iOSTests";
		};
		A10C6F7524A31B4D00347DE3 /* PBXContainerItemProxy */ = {
			isa = PBXContainerItemProxy;
			containerPortal = A10C6F6224A31B4D00347DE3 /* SVGKit-iOS.xcodeproj */;
			proxyType = 2;
			remoteGlobalIDString = 825CDAD31BDA4D38003C1C12;
			remoteInfo = "SVGKitFramework-tvOS";
		};
		A10C6F7724A31B4D00347DE3 /* PBXContainerItemProxy */ = {
			isa = PBXContainerItemProxy;
			containerPortal = A10C6F6224A31B4D00347DE3 /* SVGKit-iOS.xcodeproj */;
			proxyType = 2;
			remoteGlobalIDString = 825CDADC1BDA4D38003C1C12;
			remoteInfo = "SVGKitFramework-tvOSTests";
		};
		A10C6F7924A31B4D00347DE3 /* PBXContainerItemProxy */ = {
			isa = PBXContainerItemProxy;
			containerPortal = A10C6F6224A31B4D00347DE3 /* SVGKit-iOS.xcodeproj */;
			proxyType = 2;
			remoteGlobalIDString = 321EAA622171EC8700640504;
			remoteInfo = "SVGKitFramework-OSX";
		};
		A10C6F7B24A31B4D00347DE3 /* PBXContainerItemProxy */ = {
			isa = PBXContainerItemProxy;
			containerPortal = A10C6F6224A31B4D00347DE3 /* SVGKit-iOS.xcodeproj */;
			proxyType = 2;
			remoteGlobalIDString = 32A1F09C21746F4700ABFCE1;
			remoteInfo = "SVGKitFramework-OSXTests";
		};
/* End PBXContainerItemProxy section */

/* Begin PBXCopyFilesBuildPhase section */
		A10C6F8324A31E0D00347DE3 /* Embed Frameworks */ = {
			isa = PBXCopyFilesBuildPhase;
			buildActionMask = 2147483647;
			dstPath = "";
			dstSubfolderSpec = 10;
			files = (
				A10C6F8524A31E0E00347DE3 /* SVGKit.framework in Embed Frameworks */,
				A10C6F8224A31E0D00347DE3 /* CocoaLumberjack.framework in Embed Frameworks */,
			);
			name = "Embed Frameworks";
			runOnlyForDeploymentPostprocessing = 0;
		};
/* End PBXCopyFilesBuildPhase section */

/* Begin PBXFileReference section */
		A10C6EB124A1C11700347DE3 /* test.app */ = {isa = PBXFileReference; explicitFileType = wrapper.application; includeInIndex = 0; path = test.app; sourceTree = BUILT_PRODUCTS_DIR; };
		A10C6EB424A1C11700347DE3 /* AppDelegate.swift */ = {isa = PBXFileReference; lastKnownFileType = sourcecode.swift; path = AppDelegate.swift; sourceTree = "<group>"; };
		A10C6EB624A1C11700347DE3 /* SceneDelegate.swift */ = {isa = PBXFileReference; lastKnownFileType = sourcecode.swift; path = SceneDelegate.swift; sourceTree = "<group>"; };
		A10C6EB824A1C11700347DE3 /* ViewController.swift */ = {isa = PBXFileReference; lastKnownFileType = sourcecode.swift; path = ViewController.swift; sourceTree = "<group>"; };
		A10C6EBB24A1C11700347DE3 /* Base */ = {isa = PBXFileReference; lastKnownFileType = file.storyboard; name = Base; path = Base.lproj/Main.storyboard; sourceTree = "<group>"; };
		A10C6EBD24A1C11800347DE3 /* Assets.xcassets */ = {isa = PBXFileReference; lastKnownFileType = folder.assetcatalog; path = Assets.xcassets; sourceTree = "<group>"; };
		A10C6EC024A1C11800347DE3 /* Base */ = {isa = PBXFileReference; lastKnownFileType = file.storyboard; name = Base; path = Base.lproj/LaunchScreen.storyboard; sourceTree = "<group>"; };
		A10C6EC224A1C11800347DE3 /* Info.plist */ = {isa = PBXFileReference; lastKnownFileType = text.plist.xml; path = Info.plist; sourceTree = "<group>"; };
		A10C6EC724A1C11800347DE3 /* testTests.xctest */ = {isa = PBXFileReference; explicitFileType = wrapper.cfbundle; includeInIndex = 0; path = testTests.xctest; sourceTree = BUILT_PRODUCTS_DIR; };
		A10C6ECB24A1C11800347DE3 /* testTests.swift */ = {isa = PBXFileReference; lastKnownFileType = sourcecode.swift; path = testTests.swift; sourceTree = "<group>"; };
		A10C6ECD24A1C11800347DE3 /* Info.plist */ = {isa = PBXFileReference; lastKnownFileType = text.plist.xml; path = Info.plist; sourceTree = "<group>"; };
		A10C6ED224A1C11800347DE3 /* testUITests.xctest */ = {isa = PBXFileReference; explicitFileType = wrapper.cfbundle; includeInIndex = 0; path = testUITests.xctest; sourceTree = BUILT_PRODUCTS_DIR; };
		A10C6ED624A1C11800347DE3 /* testUITests.swift */ = {isa = PBXFileReference; lastKnownFileType = sourcecode.swift; path = testUITests.swift; sourceTree = "<group>"; };
		A10C6ED824A1C11800347DE3 /* Info.plist */ = {isa = PBXFileReference; lastKnownFileType = text.plist.xml; path = Info.plist; sourceTree = "<group>"; };
		A10C6EE524A2479700347DE3 /* Country.swift */ = {isa = PBXFileReference; lastKnownFileType = sourcecode.swift; path = Country.swift; sourceTree = "<group>"; };
		A10C6EE924A2507D00347DE3 /* RegionalBloc.swift */ = {isa = PBXFileReference; lastKnownFileType = sourcecode.swift; path = RegionalBloc.swift; sourceTree = "<group>"; };
		A10C6EED24A2508B00347DE3 /* Language.swift */ = {isa = PBXFileReference; lastKnownFileType = sourcecode.swift; path = Language.swift; sourceTree = "<group>"; };
		A10C6EF124A2509500347DE3 /* Currency.swift */ = {isa = PBXFileReference; lastKnownFileType = sourcecode.swift; path = Currency.swift; sourceTree = "<group>"; };
		A10C6EF624A2BEAC00347DE3 /* CountryTableViewCell.swift */ = {isa = PBXFileReference; lastKnownFileType = sourcecode.swift; path = CountryTableViewCell.swift; sourceTree = "<group>"; };
		A10C6F6224A31B4D00347DE3 /* SVGKit-iOS.xcodeproj */ = {isa = PBXFileReference; lastKnownFileType = "wrapper.pb-project"; name = "SVGKit-iOS.xcodeproj"; path = "../../../../Downloads/SVGKit-3.x 2/SVGKit-iOS.xcodeproj"; sourceTree = "<group>"; };
		A10C6F7E24A31D6700347DE3 /* CocoaLumberjack.framework */ = {isa = PBXFileReference; lastKnownFileType = wrapper.framework; path = CocoaLumberjack.framework; sourceTree = "<group>"; };
		A10C6F8724A3950500347DE3 /* CountryDetailViewController.swift */ = {isa = PBXFileReference; lastKnownFileType = sourcecode.swift; path = CountryDetailViewController.swift; sourceTree = "<group>"; };
		A10C6FA024A3FFCF00347DE3 /* validJSON.json */ = {isa = PBXFileReference; lastKnownFileType = text.json; path = validJSON.json; sourceTree = "<group>"; };
		A10C6FA524A4069100347DE3 /* invalidJSON.json */ = {isa = PBXFileReference; fileEncoding = 4; lastKnownFileType = text.json; path = invalidJSON.json; sourceTree = "<group>"; };
		A10C6FAC24A40EC700347DE3 /* StringUtility.swift */ = {isa = PBXFileReference; lastKnownFileType = sourcecode.swift; path = StringUtility.swift; sourceTree = "<group>"; };
		A10C6FAF24A417B600347DE3 /* validJSONMissingKeys.json */ = {isa = PBXFileReference; lastKnownFileType = text.json; path = validJSONMissingKeys.json; sourceTree = "<group>"; };
/* End PBXFileReference section */

/* Begin PBXFrameworksBuildPhase section */
		A10C6EAE24A1C11700347DE3 /* Frameworks */ = {
			isa = PBXFrameworksBuildPhase;
			buildActionMask = 2147483647;
			files = (
				A10C6F8424A31E0E00347DE3 /* SVGKit.framework in Frameworks */,
				A10C6F8124A31E0D00347DE3 /* CocoaLumberjack.framework in Frameworks */,
			);
			runOnlyForDeploymentPostprocessing = 0;
		};
		A10C6EC424A1C11800347DE3 /* Frameworks */ = {
			isa = PBXFrameworksBuildPhase;
			buildActionMask = 2147483647;
			files = (
			);
			runOnlyForDeploymentPostprocessing = 0;
		};
		A10C6ECF24A1C11800347DE3 /* Frameworks */ = {
			isa = PBXFrameworksBuildPhase;
			buildActionMask = 2147483647;
			files = (
			);
			runOnlyForDeploymentPostprocessing = 0;
		};
/* End PBXFrameworksBuildPhase section */

/* Begin PBXGroup section */
		A10C6EA824A1C11700347DE3 = {
			isa = PBXGroup;
			children = (
				A10C6F6224A31B4D00347DE3 /* SVGKit-iOS.xcodeproj */,
				A10C6EB324A1C11700347DE3 /* test */,
				A10C6ECA24A1C11800347DE3 /* testTests */,
				A10C6ED524A1C11800347DE3 /* testUITests */,
				A10C6EB224A1C11700347DE3 /* Products */,
				A10C6EFE24A2F6B100347DE3 /* Frameworks */,
			);
			sourceTree = "<group>";
		};
		A10C6EB224A1C11700347DE3 /* Products */ = {
			isa = PBXGroup;
			children = (
				A10C6EB124A1C11700347DE3 /* test.app */,
				A10C6EC724A1C11800347DE3 /* testTests.xctest */,
				A10C6ED224A1C11800347DE3 /* testUITests.xctest */,
			);
			name = Products;
			sourceTree = "<group>";
		};
		A10C6EB324A1C11700347DE3 /* test */ = {
			isa = PBXGroup;
			children = (
				A10C6FAB24A40B6700347DE3 /* Utility */,
				A10C6F8624A394BF00347DE3 /* ViewControllers */,
				A10C6EF524A2BE8900347DE3 /* Views */,
				A10C6EE424A2477700347DE3 /* Data */,
				A10C6EB424A1C11700347DE3 /* AppDelegate.swift */,
				A10C6EB624A1C11700347DE3 /* SceneDelegate.swift */,
				A10C6EBA24A1C11700347DE3 /* Main.storyboard */,
				A10C6EBD24A1C11800347DE3 /* Assets.xcassets */,
				A10C6EBF24A1C11800347DE3 /* LaunchScreen.storyboard */,
				A10C6EC224A1C11800347DE3 /* Info.plist */,
			);
			path = test;
			sourceTree = "<group>";
		};
		A10C6ECA24A1C11800347DE3 /* testTests */ = {
			isa = PBXGroup;
			children = (
				A10C6F9F24A3FFAF00347DE3 /* Resources */,
				A10C6ECB24A1C11800347DE3 /* testTests.swift */,
				A10C6ECD24A1C11800347DE3 /* Info.plist */,
			);
			path = testTests;
			sourceTree = "<group>";
		};
		A10C6ED524A1C11800347DE3 /* testUITests */ = {
			isa = PBXGroup;
			children = (
				A10C6ED624A1C11800347DE3 /* testUITests.swift */,
				A10C6ED824A1C11800347DE3 /* Info.plist */,
			);
			path = testUITests;
			sourceTree = "<group>";
		};
		A10C6EE424A2477700347DE3 /* Data */ = {
			isa = PBXGroup;
			children = (
				A10C6EE524A2479700347DE3 /* Country.swift */,
				A10C6EE924A2507D00347DE3 /* RegionalBloc.swift */,
				A10C6EED24A2508B00347DE3 /* Language.swift */,
				A10C6EF124A2509500347DE3 /* Currency.swift */,
			);
			path = Data;
			sourceTree = "<group>";
		};
		A10C6EF524A2BE8900347DE3 /* Views */ = {
			isa = PBXGroup;
			children = (
				A10C6EF624A2BEAC00347DE3 /* CountryTableViewCell.swift */,
			);
			path = Views;
			sourceTree = "<group>";
		};
		A10C6EFE24A2F6B100347DE3 /* Frameworks */ = {
			isa = PBXGroup;
			children = (
				A10C6F7E24A31D6700347DE3 /* CocoaLumberjack.framework */,
			);
			name = Frameworks;
			sourceTree = "<group>";
		};
		A10C6F6324A31B4D00347DE3 /* Products */ = {
			isa = PBXGroup;
			children = (
				A10C6F6E24A31B4D00347DE3 /* libSVGKit-iOS.2.1.0.a */,
				A10C6F7024A31B4D00347DE3 /* SVGKit-iOS Tests.xctest */,
				A10C6F7224A31B4D00347DE3 /* SVGKit.framework */,
				A10C6F7424A31B4D00347DE3 /* SVGKitFramework-iOSTests.xctest */,
				A10C6F7624A31B4D00347DE3 /* SVGKit.framework */,
				A10C6F7824A31B4D00347DE3 /* SVGKitFramework-tvOSTests.xctest */,
				A10C6F7A24A31B4D00347DE3 /* SVGKit.framework */,
				A10C6F7C24A31B4D00347DE3 /* SVGKitFramework-OSXTests.xctest */,
			);
			name = Products;
			sourceTree = "<group>";
		};
		A10C6F8624A394BF00347DE3 /* ViewControllers */ = {
			isa = PBXGroup;
			children = (
				A10C6EB824A1C11700347DE3 /* ViewController.swift */,
				A10C6F8724A3950500347DE3 /* CountryDetailViewController.swift */,
			);
			path = ViewControllers;
			sourceTree = "<group>";
		};
		A10C6F9F24A3FFAF00347DE3 /* Resources */ = {
			isa = PBXGroup;
			children = (
				A10C6FA524A4069100347DE3 /* invalidJSON.json */,
				A10C6FA024A3FFCF00347DE3 /* validJSON.json */,
				A10C6FAF24A417B600347DE3 /* validJSONMissingKeys.json */,
			);
			path = Resources;
			sourceTree = "<group>";
		};
		A10C6FAB24A40B6700347DE3 /* Utility */ = {
			isa = PBXGroup;
			children = (
				A10C6FAC24A40EC700347DE3 /* StringUtility.swift */,
			);
			path = Utility;
			sourceTree = "<group>";
		};
/* End PBXGroup section */

/* Begin PBXNativeTarget section */
		A10C6EB024A1C11700347DE3 /* test */ = {
			isa = PBXNativeTarget;
			buildConfigurationList = A10C6EDB24A1C11800347DE3 /* Build configuration list for PBXNativeTarget "test" */;
			buildPhases = (
				A10C6EAD24A1C11700347DE3 /* Sources */,
				A10C6EAE24A1C11700347DE3 /* Frameworks */,
				A10C6EAF24A1C11700347DE3 /* Resources */,
				A10C6F8324A31E0D00347DE3 /* Embed Frameworks */,
			);
			buildRules = (
			);
			dependencies = (
			);
			name = test;
			productName = test;
			productReference = A10C6EB124A1C11700347DE3 /* test.app */;
			productType = "com.apple.product-type.application";
		};
		A10C6EC624A1C11800347DE3 /* testTests */ = {
			isa = PBXNativeTarget;
			buildConfigurationList = A10C6EDE24A1C11800347DE3 /* Build configuration list for PBXNativeTarget "testTests" */;
			buildPhases = (
				A10C6EC324A1C11800347DE3 /* Sources */,
				A10C6EC424A1C11800347DE3 /* Frameworks */,
				A10C6EC524A1C11800347DE3 /* Resources */,
			);
			buildRules = (
			);
			dependencies = (
				A10C6EC924A1C11800347DE3 /* PBXTargetDependency */,
			);
			name = testTests;
			productName = testTests;
			productReference = A10C6EC724A1C11800347DE3 /* testTests.xctest */;
			productType = "com.apple.product-type.bundle.unit-test";
		};
		A10C6ED124A1C11800347DE3 /* testUITests */ = {
			isa = PBXNativeTarget;
			buildConfigurationList = A10C6EE124A1C11800347DE3 /* Build configuration list for PBXNativeTarget "testUITests" */;
			buildPhases = (
				A10C6ECE24A1C11800347DE3 /* Sources */,
				A10C6ECF24A1C11800347DE3 /* Frameworks */,
				A10C6ED024A1C11800347DE3 /* Resources */,
			);
			buildRules = (
			);
			dependencies = (
				A10C6ED424A1C11800347DE3 /* PBXTargetDependency */,
			);
			name = testUITests;
			productName = testUITests;
			productReference = A10C6ED224A1C11800347DE3 /* testUITests.xctest */;
			productType = "com.apple.product-type.bundle.ui-testing";
		};
/* End PBXNativeTarget section */

/* Begin PBXProject section */
		A10C6EA924A1C11700347DE3 /* Project object */ = {
			isa = PBXProject;
			attributes = {
				LastSwiftUpdateCheck = 1150;
				LastUpgradeCheck = 1150;
				ORGANIZATIONNAME = ernestoHernandez;
				TargetAttributes = {
					A10C6EB024A1C11700347DE3 = {
						CreatedOnToolsVersion = 11.5;
					};
					A10C6EC624A1C11800347DE3 = {
						CreatedOnToolsVersion = 11.5;
						TestTargetID = A10C6EB024A1C11700347DE3;
					};
					A10C6ED124A1C11800347DE3 = {
						CreatedOnToolsVersion = 11.5;
						TestTargetID = A10C6EB024A1C11700347DE3;
					};
				};
			};
			buildConfigurationList = A10C6EAC24A1C11700347DE3 /* Build configuration list for PBXProject "test" */;
			compatibilityVersion = "Xcode 9.3";
			developmentRegion = en;
			hasScannedForEncodings = 0;
			knownRegions = (
				en,
				Base,
			);
			mainGroup = A10C6EA824A1C11700347DE3;
			productRefGroup = A10C6EB224A1C11700347DE3 /* Products */;
			projectDirPath = "";
			projectReferences = (
				{
					ProductGroup = A10C6F6324A31B4D00347DE3 /* Products */;
					ProjectRef = A10C6F6224A31B4D00347DE3 /* SVGKit-iOS.xcodeproj */;
				},
			);
			projectRoot = "";
			targets = (
				A10C6EB024A1C11700347DE3 /* test */,
				A10C6EC624A1C11800347DE3 /* testTests */,
				A10C6ED124A1C11800347DE3 /* testUITests */,
			);
		};
/* End PBXProject section */

/* Begin PBXReferenceProxy section */
		A10C6F6E24A31B4D00347DE3 /* libSVGKit-iOS.2.1.0.a */ = {
			isa = PBXReferenceProxy;
			fileType = archive.ar;
			path = "libSVGKit-iOS.2.1.0.a";
			remoteRef = A10C6F6D24A31B4D00347DE3 /* PBXContainerItemProxy */;
			sourceTree = BUILT_PRODUCTS_DIR;
		};
		A10C6F7024A31B4D00347DE3 /* SVGKit-iOS Tests.xctest */ = {
			isa = PBXReferenceProxy;
			fileType = wrapper.cfbundle;
			path = "SVGKit-iOS Tests.xctest";
			remoteRef = A10C6F6F24A31B4D00347DE3 /* PBXContainerItemProxy */;
			sourceTree = BUILT_PRODUCTS_DIR;
		};
		A10C6F7224A31B4D00347DE3 /* SVGKit.framework */ = {
			isa = PBXReferenceProxy;
			fileType = wrapper.framework;
			path = SVGKit.framework;
			remoteRef = A10C6F7124A31B4D00347DE3 /* PBXContainerItemProxy */;
			sourceTree = BUILT_PRODUCTS_DIR;
		};
		A10C6F7424A31B4D00347DE3 /* SVGKitFramework-iOSTests.xctest */ = {
			isa = PBXReferenceProxy;
			fileType = wrapper.cfbundle;
			path = "SVGKitFramework-iOSTests.xctest";
			remoteRef = A10C6F7324A31B4D00347DE3 /* PBXContainerItemProxy */;
			sourceTree = BUILT_PRODUCTS_DIR;
		};
		A10C6F7624A31B4D00347DE3 /* SVGKit.framework */ = {
			isa = PBXReferenceProxy;
			fileType = wrapper.framework;
			path = SVGKit.framework;
			remoteRef = A10C6F7524A31B4D00347DE3 /* PBXContainerItemProxy */;
			sourceTree = BUILT_PRODUCTS_DIR;
		};
		A10C6F7824A31B4D00347DE3 /* SVGKitFramework-tvOSTests.xctest */ = {
			isa = PBXReferenceProxy;
			fileType = wrapper.cfbundle;
			path = "SVGKitFramework-tvOSTests.xctest";
			remoteRef = A10C6F7724A31B4D00347DE3 /* PBXContainerItemProxy */;
			sourceTree = BUILT_PRODUCTS_DIR;
		};
		A10C6F7A24A31B4D00347DE3 /* SVGKit.framework */ = {
			isa = PBXReferenceProxy;
			fileType = wrapper.framework;
			path = SVGKit.framework;
			remoteRef = A10C6F7924A31B4D00347DE3 /* PBXContainerItemProxy */;
			sourceTree = BUILT_PRODUCTS_DIR;
		};
		A10C6F7C24A31B4D00347DE3 /* SVGKitFramework-OSXTests.xctest */ = {
			isa = PBXReferenceProxy;
			fileType = wrapper.cfbundle;
			path = "SVGKitFramework-OSXTests.xctest";
			remoteRef = A10C6F7B24A31B4D00347DE3 /* PBXContainerItemProxy */;
			sourceTree = BUILT_PRODUCTS_DIR;
		};
/* End PBXReferenceProxy section */

/* Begin PBXResourcesBuildPhase section */
		A10C6EAF24A1C11700347DE3 /* Resources */ = {
			isa = PBXResourcesBuildPhase;
			buildActionMask = 2147483647;
			files = (
				A10C6FA424A4054500347DE3 /* validJSON.json in Resources */,
				A10C6EC124A1C11800347DE3 /* LaunchScreen.storyboard in Resources */,
				A10C6EBE24A1C11800347DE3 /* Assets.xcassets in Resources */,
				A10C6FA724A406D100347DE3 /* invalidJSON.json in Resources */,
				A10C6FB024A417B600347DE3 /* validJSONMissingKeys.json in Resources */,
				A10C6EBC24A1C11700347DE3 /* Main.storyboard in Resources */,
			);
			runOnlyForDeploymentPostprocessing = 0;
		};
		A10C6EC524A1C11800347DE3 /* Resources */ = {
			isa = PBXResourcesBuildPhase;
			buildActionMask = 2147483647;
			files = (
				A10C6FA324A4052A00347DE3 /* validJSON.json in Resources */,
				A10C6FB124A417B600347DE3 /* validJSONMissingKeys.json in Resources */,
				A10C6FA624A4069100347DE3 /* invalidJSON.json in Resources */,
			);
			runOnlyForDeploymentPostprocessing = 0;
		};
		A10C6ED024A1C11800347DE3 /* Resources */ = {
			isa = PBXResourcesBuildPhase;
			buildActionMask = 2147483647;
			files = (
			);
			runOnlyForDeploymentPostprocessing = 0;
		};
/* End PBXResourcesBuildPhase section */

/* Begin PBXSourcesBuildPhase section */
		A10C6EAD24A1C11700347DE3 /* Sources */ = {
			isa = PBXSourcesBuildPhase;
			buildActionMask = 2147483647;
			files = (
				A10C6EF724A2BEAC00347DE3 /* CountryTableViewCell.swift in Sources */,
				A10C6EE624A2479700347DE3 /* Country.swift in Sources */,
				A10C6EB924A1C11700347DE3 /* ViewController.swift in Sources */,
				A10C6FAD24A40EC700347DE3 /* StringUtility.swift in Sources */,
				A10C6EB524A1C11700347DE3 /* AppDelegate.swift in Sources */,
				A10C6EEE24A2508B00347DE3 /* Language.swift in Sources */,
				A10C6EB724A1C11700347DE3 /* SceneDelegate.swift in Sources */,
				A10C6F8824A3950500347DE3 /* CountryDetailViewController.swift in Sources */,
				A10C6EF224A2509500347DE3 /* Currency.swift in Sources */,
				A10C6EEA24A2507D00347DE3 /* RegionalBloc.swift in Sources */,
			);
			runOnlyForDeploymentPostprocessing = 0;
		};
		A10C6EC324A1C11800347DE3 /* Sources */ = {
			isa = PBXSourcesBuildPhase;
			buildActionMask = 2147483647;
			files = (
				A10C6EE724A2479700347DE3 /* Country.swift in Sources */,
				A10C6EF324A2509500347DE3 /* Currency.swift in Sources */,
				A10C6EF824A2BEAC00347DE3 /* CountryTableViewCell.swift in Sources */,
				A10C6EEF24A2508B00347DE3 /* Language.swift in Sources */,
				A10C6ECC24A1C11800347DE3 /* testTests.swift in Sources */,
				A10C6EEB24A2507D00347DE3 /* RegionalBloc.swift in Sources */,
				A10C6FAE24A40EC700347DE3 /* StringUtility.swift in Sources */,
			);
			runOnlyForDeploymentPostprocessing = 0;
		};
		A10C6ECE24A1C11800347DE3 /* Sources */ = {
			isa = PBXSourcesBuildPhase;
			buildActionMask = 2147483647;
			files = (
				A10C6EE824A2479700347DE3 /* Country.swift in Sources */,
				A10C6EF424A2509500347DE3 /* Currency.swift in Sources */,
				A10C6EF924A2BEAC00347DE3 /* CountryTableViewCell.swift in Sources */,
				A10C6EF024A2508B00347DE3 /* Language.swift in Sources */,
				A10C6ED724A1C11800347DE3 /* testUITests.swift in Sources */,
				A10C6EEC24A2507D00347DE3 /* RegionalBloc.swift in Sources */,
			);
			runOnlyForDeploymentPostprocessing = 0;
		};
/* End PBXSourcesBuildPhase section */

/* Begin PBXTargetDependency section */
		A10C6EC924A1C11800347DE3 /* PBXTargetDependency */ = {
			isa = PBXTargetDependency;
			target = A10C6EB024A1C11700347DE3 /* test */;
			targetProxy = A10C6EC824A1C11800347DE3 /* PBXContainerItemProxy */;
		};
		A10C6ED424A1C11800347DE3 /* PBXTargetDependency */ = {
			isa = PBXTargetDependency;
			target = A10C6EB024A1C11700347DE3 /* test */;
			targetProxy = A10C6ED324A1C11800347DE3 /* PBXContainerItemProxy */;
		};
/* End PBXTargetDependency section */

/* Begin PBXVariantGroup section */
		A10C6EBA24A1C11700347DE3 /* Main.storyboard */ = {
			isa = PBXVariantGroup;
			children = (
				A10C6EBB24A1C11700347DE3 /* Base */,
			);
			name = Main.storyboard;
			sourceTree = "<group>";
		};
		A10C6EBF24A1C11800347DE3 /* LaunchScreen.storyboard */ = {
			isa = PBXVariantGroup;
			children = (
				A10C6EC024A1C11800347DE3 /* Base */,
			);
			name = LaunchScreen.storyboard;
			sourceTree = "<group>";
		};
/* End PBXVariantGroup section */

/* Begin XCBuildConfiguration section */
		A10C6ED924A1C11800347DE3 /* Debug */ = {
			isa = XCBuildConfiguration;
			buildSettings = {
				ALWAYS_SEARCH_USER_PATHS = NO;
				CLANG_ANALYZER_NONNULL = YES;
				CLANG_ANALYZER_NUMBER_OBJECT_CONVERSION = YES_AGGRESSIVE;
				CLANG_CXX_LANGUAGE_STANDARD = "gnu++14";
				CLANG_CXX_LIBRARY = "libc++";
				CLANG_ENABLE_MODULES = YES;
				CLANG_ENABLE_OBJC_ARC = YES;
				CLANG_ENABLE_OBJC_WEAK = YES;
				CLANG_WARN_BLOCK_CAPTURE_AUTORELEASING = YES;
				CLANG_WARN_BOOL_CONVERSION = YES;
				CLANG_WARN_COMMA = YES;
				CLANG_WARN_CONSTANT_CONVERSION = YES;
				CLANG_WARN_DEPRECATED_OBJC_IMPLEMENTATIONS = YES;
				CLANG_WARN_DIRECT_OBJC_ISA_USAGE = YES_ERROR;
				CLANG_WARN_DOCUMENTATION_COMMENTS = YES;
				CLANG_WARN_EMPTY_BODY = YES;
				CLANG_WARN_ENUM_CONVERSION = YES;
				CLANG_WARN_INFINITE_RECURSION = YES;
				CLANG_WARN_INT_CONVERSION = YES;
				CLANG_WARN_NON_LITERAL_NULL_CONVERSION = YES;
				CLANG_WARN_OBJC_IMPLICIT_RETAIN_SELF = YES;
				CLANG_WARN_OBJC_LITERAL_CONVERSION = YES;
				CLANG_WARN_OBJC_ROOT_CLASS = YES_ERROR;
				CLANG_WARN_RANGE_LOOP_ANALYSIS = YES;
				CLANG_WARN_STRICT_PROTOTYPES = YES;
				CLANG_WARN_SUSPICIOUS_MOVE = YES;
				CLANG_WARN_UNGUARDED_AVAILABILITY = YES_AGGRESSIVE;
				CLANG_WARN_UNREACHABLE_CODE = YES;
				CLANG_WARN__DUPLICATE_METHOD_MATCH = YES;
				COPY_PHASE_STRIP = NO;
				DEBUG_INFORMATION_FORMAT = dwarf;
				ENABLE_STRICT_OBJC_MSGSEND = YES;
				ENABLE_TESTABILITY = YES;
				GCC_C_LANGUAGE_STANDARD = gnu11;
				GCC_DYNAMIC_NO_PIC = NO;
				GCC_NO_COMMON_BLOCKS = YES;
				GCC_OPTIMIZATION_LEVEL = 0;
				GCC_PREPROCESSOR_DEFINITIONS = (
					"DEBUG=1",
					"$(inherited)",
				);
				GCC_WARN_64_TO_32_BIT_CONVERSION = YES;
				GCC_WARN_ABOUT_RETURN_TYPE = YES_ERROR;
				GCC_WARN_UNDECLARED_SELECTOR = YES;
				GCC_WARN_UNINITIALIZED_AUTOS = YES_AGGRESSIVE;
				GCC_WARN_UNUSED_FUNCTION = YES;
				GCC_WARN_UNUSED_VARIABLE = YES;
				IPHONEOS_DEPLOYMENT_TARGET = 13.5;
				MTL_ENABLE_DEBUG_INFO = INCLUDE_SOURCE;
				MTL_FAST_MATH = YES;
				ONLY_ACTIVE_ARCH = YES;
				SDKROOT = iphoneos;
				SWIFT_ACTIVE_COMPILATION_CONDITIONS = DEBUG;
				SWIFT_OPTIMIZATION_LEVEL = "-Onone";
			};
			name = Debug;
		};
		A10C6EDA24A1C11800347DE3 /* Release */ = {
			isa = XCBuildConfiguration;
			buildSettings = {
				ALWAYS_SEARCH_USER_PATHS = NO;
				CLANG_ANALYZER_NONNULL = YES;
				CLANG_ANALYZER_NUMBER_OBJECT_CONVERSION = YES_AGGRESSIVE;
				CLANG_CXX_LANGUAGE_STANDARD = "gnu++14";
				CLANG_CXX_LIBRARY = "libc++";
				CLANG_ENABLE_MODULES = YES;
				CLANG_ENABLE_OBJC_ARC = YES;
				CLANG_ENABLE_OBJC_WEAK = YES;
				CLANG_WARN_BLOCK_CAPTURE_AUTORELEASING = YES;
				CLANG_WARN_BOOL_CONVERSION = YES;
				CLANG_WARN_COMMA = YES;
				CLANG_WARN_CONSTANT_CONVERSION = YES;
				CLANG_WARN_DEPRECATED_OBJC_IMPLEMENTATIONS = YES;
				CLANG_WARN_DIRECT_OBJC_ISA_USAGE = YES_ERROR;
				CLANG_WARN_DOCUMENTATION_COMMENTS = YES;
				CLANG_WARN_EMPTY_BODY = YES;
				CLANG_WARN_ENUM_CONVERSION = YES;
				CLANG_WARN_INFINITE_RECURSION = YES;
				CLANG_WARN_INT_CONVERSION = YES;
				CLANG_WARN_NON_LITERAL_NULL_CONVERSION = YES;
				CLANG_WARN_OBJC_IMPLICIT_RETAIN_SELF = YES;
				CLANG_WARN_OBJC_LITERAL_CONVERSION = YES;
				CLANG_WARN_OBJC_ROOT_CLASS = YES_ERROR;
				CLANG_WARN_RANGE_LOOP_ANALYSIS = YES;
				CLANG_WARN_STRICT_PROTOTYPES = YES;
				CLANG_WARN_SUSPICIOUS_MOVE = YES;
				CLANG_WARN_UNGUARDED_AVAILABILITY = YES_AGGRESSIVE;
				CLANG_WARN_UNREACHABLE_CODE = YES;
				CLANG_WARN__DUPLICATE_METHOD_MATCH = YES;
				COPY_PHASE_STRIP = NO;
				DEBUG_INFORMATION_FORMAT = "dwarf-with-dsym";
				ENABLE_NS_ASSERTIONS = NO;
				ENABLE_STRICT_OBJC_MSGSEND = YES;
				GCC_C_LANGUAGE_STANDARD = gnu11;
				GCC_NO_COMMON_BLOCKS = YES;
				GCC_WARN_64_TO_32_BIT_CONVERSION = YES;
				GCC_WARN_ABOUT_RETURN_TYPE = YES_ERROR;
				GCC_WARN_UNDECLARED_SELECTOR = YES;
				GCC_WARN_UNINITIALIZED_AUTOS = YES_AGGRESSIVE;
				GCC_WARN_UNUSED_FUNCTION = YES;
				GCC_WARN_UNUSED_VARIABLE = YES;
				IPHONEOS_DEPLOYMENT_TARGET = 13.5;
				MTL_ENABLE_DEBUG_INFO = NO;
				MTL_FAST_MATH = YES;
				SDKROOT = iphoneos;
				SWIFT_COMPILATION_MODE = wholemodule;
				SWIFT_OPTIMIZATION_LEVEL = "-O";
				VALIDATE_PRODUCT = YES;
			};
			name = Release;
		};
		A10C6EDC24A1C11800347DE3 /* Debug */ = {
			isa = XCBuildConfiguration;
			buildSettings = {
				ASSETCATALOG_COMPILER_APPICON_NAME = AppIcon;
				CODE_SIGN_STYLE = Automatic;
				FRAMEWORK_SEARCH_PATHS = (
					"$(inherited)",
					"$(PROJECT_DIR)",
				);
				INFOPLIST_FILE = test/Info.plist;
				LD_RUNPATH_SEARCH_PATHS = (
					"$(inherited)",
					"@executable_path/Frameworks",
				);
				PRODUCT_BUNDLE_IDENTIFIER = ernestoHernandez.test;
				PRODUCT_NAME = "$(TARGET_NAME)";
				SWIFT_VERSION = 5.0;
				TARGETED_DEVICE_FAMILY = "1,2";
			};
			name = Debug;
		};
		A10C6EDD24A1C11800347DE3 /* Release */ = {
			isa = XCBuildConfiguration;
			buildSettings = {
				ASSETCATALOG_COMPILER_APPICON_NAME = AppIcon;
				CODE_SIGN_STYLE = Automatic;
				FRAMEWORK_SEARCH_PATHS = (
					"$(inherited)",
					"$(PROJECT_DIR)",
				);
				INFOPLIST_FILE = test/Info.plist;
				LD_RUNPATH_SEARCH_PATHS = (
					"$(inherited)",
					"@executable_path/Frameworks",
				);
				PRODUCT_BUNDLE_IDENTIFIER = ernestoHernandez.test;
				PRODUCT_NAME = "$(TARGET_NAME)";
				SWIFT_VERSION = 5.0;
				TARGETED_DEVICE_FAMILY = "1,2";
			};
			name = Release;
		};
		A10C6EDF24A1C11800347DE3 /* Debug */ = {
			isa = XCBuildConfiguration;
			buildSettings = {
				ALWAYS_EMBED_SWIFT_STANDARD_LIBRARIES = YES;
				BUNDLE_LOADER = "$(TEST_HOST)";
				CODE_SIGN_STYLE = Automatic;
				FRAMEWORK_SEARCH_PATHS = (
					"$(inherited)",
					"$(PROJECT_DIR)",
				);
				INFOPLIST_FILE = testTests/Info.plist;
				IPHONEOS_DEPLOYMENT_TARGET = 13.5;
				LD_RUNPATH_SEARCH_PATHS = (
					"$(inherited)",
					"@executable_path/Frameworks",
					"@loader_path/Frameworks",
				);
				PRODUCT_BUNDLE_IDENTIFIER = ernestoHernandez.testTests;
				PRODUCT_NAME = "$(TARGET_NAME)";
				SWIFT_VERSION = 5.0;
				TARGETED_DEVICE_FAMILY = "1,2";
				TEST_HOST = "$(BUILT_PRODUCTS_DIR)/test.app/test";
			};
			name = Debug;
		};
		A10C6EE024A1C11800347DE3 /* Release */ = {
			isa = XCBuildConfiguration;
			buildSettings = {
				ALWAYS_EMBED_SWIFT_STANDARD_LIBRARIES = YES;
				BUNDLE_LOADER = "$(TEST_HOST)";
				CODE_SIGN_STYLE = Automatic;
				FRAMEWORK_SEARCH_PATHS = (
					"$(inherited)",
					"$(PROJECT_DIR)",
				);
				INFOPLIST_FILE = testTests/Info.plist;
				IPHONEOS_DEPLOYMENT_TARGET = 13.5;
				LD_RUNPATH_SEARCH_PATHS = (
					"$(inherited)",
					"@executable_path/Frameworks",
					"@loader_path/Frameworks",
				);
				PRODUCT_BUNDLE_IDENTIFIER = ernestoHernandez.testTests;
				PRODUCT_NAME = "$(TARGET_NAME)";
				SWIFT_VERSION = 5.0;
				TARGETED_DEVICE_FAMILY = "1,2";
				TEST_HOST = "$(BUILT_PRODUCTS_DIR)/test.app/test";
			};
			name = Release;
		};
		A10C6EE224A1C11800347DE3 /* Debug */ = {
			isa = XCBuildConfiguration;
			buildSettings = {
				ALWAYS_EMBED_SWIFT_STANDARD_LIBRARIES = YES;
				CODE_SIGN_STYLE = Automatic;
				FRAMEWORK_SEARCH_PATHS = (
					"$(inherited)",
					"$(PROJECT_DIR)",
				);
				INFOPLIST_FILE = testUITests/Info.plist;
				LD_RUNPATH_SEARCH_PATHS = (
					"$(inherited)",
					"@executable_path/Frameworks",
					"@loader_path/Frameworks",
				);
				PRODUCT_BUNDLE_IDENTIFIER = ernestoHernandez.testUITests;
				PRODUCT_NAME = "$(TARGET_NAME)";
				SWIFT_VERSION = 5.0;
				TARGETED_DEVICE_FAMILY = "1,2";
				TEST_TARGET_NAME = test;
			};
			name = Debug;
		};
		A10C6EE324A1C11800347DE3 /* Release */ = {
			isa = XCBuildConfiguration;
			buildSettings = {
				ALWAYS_EMBED_SWIFT_STANDARD_LIBRARIES = YES;
				CODE_SIGN_STYLE = Automatic;
				FRAMEWORK_SEARCH_PATHS = (
					"$(inherited)",
					"$(PROJECT_DIR)",
				);
				INFOPLIST_FILE = testUITests/Info.plist;
				LD_RUNPATH_SEARCH_PATHS = (
					"$(inherited)",
					"@executable_path/Frameworks",
					"@loader_path/Frameworks",
				);
				PRODUCT_BUNDLE_IDENTIFIER = ernestoHernandez.testUITests;
				PRODUCT_NAME = "$(TARGET_NAME)";
				SWIFT_VERSION = 5.0;
				TARGETED_DEVICE_FAMILY = "1,2";
				TEST_TARGET_NAME = test;
			};
			name = Release;
		};
/* End XCBuildConfiguration section */

/* Begin XCConfigurationList section */
		A10C6EAC24A1C11700347DE3 /* Build configuration list for PBXProject "test" */ = {
			isa = XCConfigurationList;
			buildConfigurations = (
				A10C6ED924A1C11800347DE3 /* Debug */,
				A10C6EDA24A1C11800347DE3 /* Release */,
			);
			defaultConfigurationIsVisible = 0;
			defaultConfigurationName = Release;
		};
		A10C6EDB24A1C11800347DE3 /* Build configuration list for PBXNativeTarget "test" */ = {
			isa = XCConfigurationList;
			buildConfigurations = (
				A10C6EDC24A1C11800347DE3 /* Debug */,
				A10C6EDD24A1C11800347DE3 /* Release */,
			);
			defaultConfigurationIsVisible = 0;
			defaultConfigurationName = Release;
		};
		A10C6EDE24A1C11800347DE3 /* Build configuration list for PBXNativeTarget "testTests" */ = {
			isa = XCConfigurationList;
			buildConfigurations = (
				A10C6EDF24A1C11800347DE3 /* Debug */,
				A10C6EE024A1C11800347DE3 /* Release */,
			);
			defaultConfigurationIsVisible = 0;
			defaultConfigurationName = Release;
		};
		A10C6EE124A1C11800347DE3 /* Build configuration list for PBXNativeTarget "testUITests" */ = {
			isa = XCConfigurationList;
			buildConfigurations = (
				A10C6EE224A1C11800347DE3 /* Debug */,
				A10C6EE324A1C11800347DE3 /* Release */,
			);
			defaultConfigurationIsVisible = 0;
			defaultConfigurationName = Release;
		};
/* End XCConfigurationList section */
	};
	rootObject = A10C6EA924A1C11700347DE3 /* Project object */;
}
